
Microsoft Visual Studio Solution File, Format Version 12.00
# Visual Studio 15
VisualStudioVersion = 15.0.28307.329
MinimumVisualStudioVersion = 10.0.40219.1
Project("{FAE04EC0-301F-11D3-BF4B-00C04F79EFBC}") = "Strategy.DuckSimulator", "Strategy.DuckSimulator\Strategy.DuckSimulator.csproj", "{B6AAB6B2-F137-4FAA-B26C-1C0D6EF6A9F7}"
EndProject
Project("{FAE04EC0-301F-11D3-BF4B-00C04F79EFBC}") = "Strategy.GameFight", "Strategy.GameFight\Strategy.GameFight.csproj", "{3BF0064B-61FA-421F-A155-FE6BF3DCA05D}"
EndProject
Global
	GlobalSection(SolutionConfigurationPlatforms) = preSolution
		Debug|Any CPU = Debug|Any CPU
		Release|Any CPU = Release|Any CPU
	EndGlobalSection
	GlobalSection(ProjectConfigurationPlatforms) = postSolution
		{B6AAB6B2-F137-4FAA-B26C-1C0D6EF6A9F7}.Debug|Any CPU.ActiveCfg = Debug|Any CPU
		{B6AAB6B2-F137-4FAA-B26C-1C0D6EF6A9F7}.Debug|Any CPU.Build.0 = Debug|Any CPU
		{B6AAB6B2-F137-4FAA-B26C-1C0D6EF6A9F7}.Release|Any CPU.ActiveCfg = Release|Any CPU
		{B6AAB6B2-F137-4FAA-B26C-1C0D6EF6A9F7}.Release|Any CPU.Build.0 = Release|Any CPU
		{3BF0064B-61FA-421F-A155-FE6BF3DCA05D}.Debug|Any CPU.ActiveCfg = Debug|Any CPU
		{3BF0064B-61FA-421F-A155-FE6BF3DCA05D}.Debug|Any CPU.Build.0 = Debug|Any CPU
		{3BF0064B-61FA-421F-A155-FE6BF3DCA05D}.Release|Any CPU.ActiveCfg = Release|Any CPU
		{3BF0064B-61FA-421F-A155-FE6BF3DCA05D}.Release|Any CPU.Build.0 = Release|Any CPU
	EndGlobalSection
	GlobalSection(SolutionProperties) = preSolution
		HideSolutionNode = FALSE
	EndGlobalSection
	GlobalSection(ExtensibilityGlobals) = postSolution
		SolutionGuid = {70F5FFF6-87CF-45B2-A7F9-A72598104E55}
	EndGlobalSection
EndGlobal
